// !$*UTF8*$!
{
	archiveVersion = 1;
	classes = {
	};
	objectVersion = 46;
	objects = {

/* Begin PBXBuildFile section */
		5B26F5C81ED675C50073DBFD /* DBMainViewController.swift in Sources */ = {isa = PBXBuildFile; fileRef = 5B26F5C61ED675C50073DBFD /* DBMainViewController.swift */; };
		5B26F5C91ED675C50073DBFD /* DBMainWindow.swift in Sources */ = {isa = PBXBuildFile; fileRef = 5B26F5C71ED675C50073DBFD /* DBMainWindow.swift */; };
		5B26F5CC1ED675EF0073DBFD /* DBActionCell.xib in Resources */ = {isa = PBXBuildFile; fileRef = 5B26F5CA1ED675EF0073DBFD /* DBActionCell.xib */; };
		5B26F5CD1ED675EF0073DBFD /* DBMovieFlowLayout.xib in Resources */ = {isa = PBXBuildFile; fileRef = 5B26F5CB1ED675EF0073DBFD /* DBMovieFlowLayout.xib */; };
		5B26F5D01ED676520073DBFD /* DBActionCell.swift in Sources */ = {isa = PBXBuildFile; fileRef = 5B26F5CE1ED676520073DBFD /* DBActionCell.swift */; };
		5B26F5D11ED676520073DBFD /* DBMovieFlowLayout.swift in Sources */ = {isa = PBXBuildFile; fileRef = 5B26F5CF1ED676520073DBFD /* DBMovieFlowLayout.swift */; };
		5B26F5E71ED67BA10073DBFD /* DBMovieService.swift in Sources */ = {isa = PBXBuildFile; fileRef = 5B26F5E61ED67BA10073DBFD /* DBMovieService.swift */; };
		5B26F5EC1ED694B70073DBFD /* Pods_DouBanMovie.framework in Frameworks */ = {isa = PBXBuildFile; fileRef = 5B26F5EB1ED694B70073DBFD /* Pods_DouBanMovie.framework */; };
		5B26F5F51ED701130073DBFD /* DBMovieItem.swift in Sources */ = {isa = PBXBuildFile; fileRef = 5B26F5F31ED701130073DBFD /* DBMovieItem.swift */; };
		5B26F5F61ED701130073DBFD /* DBMovieItem.xib in Resources */ = {isa = PBXBuildFile; fileRef = 5B26F5F41ED701130073DBFD /* DBMovieItem.xib */; };
		5B26F5F81ED7CD7D0073DBFD /* DBMovieModel.swift in Sources */ = {isa = PBXBuildFile; fileRef = 5B26F5F71ED7CD7D0073DBFD /* DBMovieModel.swift */; };
		5B26F5FA1EDA5CE70073DBFD /* DBBoxModel.swift in Sources */ = {isa = PBXBuildFile; fileRef = 5B26F5F91EDA5CE70073DBFD /* DBBoxModel.swift */; };
		5B62B3CA1ED3189E00BCD1FC /* AppDelegate.swift in Sources */ = {isa = PBXBuildFile; fileRef = 5B62B3C91ED3189E00BCD1FC /* AppDelegate.swift */; };
		5B62B3CE1ED3189E00BCD1FC /* Assets.xcassets in Resources */ = {isa = PBXBuildFile; fileRef = 5B62B3CD1ED3189E00BCD1FC /* Assets.xcassets */; };
		5B62B3D11ED3189E00BCD1FC /* Main.storyboard in Resources */ = {isa = PBXBuildFile; fileRef = 5B62B3CF1ED3189E00BCD1FC /* Main.storyboard */; };
		C4FB7289AEF78980BE3C489C /* Pods_DouBanMovie.framework in Frameworks */ = {isa = PBXBuildFile; fileRef = 82AB890A3C1BE1544CA88583 /* Pods_DouBanMovie.framework */; };
/* End PBXBuildFile section */

/* Begin PBXFileReference section */
		1761BF158FB4483F234975BA /* Pods-DouBanMovie.release.xcconfig */ = {isa = PBXFileReference; includeInIndex = 1; lastKnownFileType = text.xcconfig; name = "Pods-DouBanMovie.release.xcconfig"; path = "Pods/Target Support Files/Pods-DouBanMovie/Pods-DouBanMovie.release.xcconfig"; sourceTree = "<group>"; };
		5B26F5C61ED675C50073DBFD /* DBMainViewController.swift */ = {isa = PBXFileReference; fileEncoding = 4; lastKnownFileType = sourcecode.swift; path = DBMainViewController.swift; sourceTree = "<group>"; };
		5B26F5C71ED675C50073DBFD /* DBMainWindow.swift */ = {isa = PBXFileReference; fileEncoding = 4; lastKnownFileType = sourcecode.swift; path = DBMainWindow.swift; sourceTree = "<group>"; };
		5B26F5CA1ED675EF0073DBFD /* DBActionCell.xib */ = {isa = PBXFileReference; fileEncoding = 4; lastKnownFileType = file.xib; path = DBActionCell.xib; sourceTree = "<group>"; };
		5B26F5CB1ED675EF0073DBFD /* DBMovieFlowLayout.xib */ = {isa = PBXFileReference; fileEncoding = 4; lastKnownFileType = file.xib; path = DBMovieFlowLayout.xib; sourceTree = "<group>"; };
		5B26F5CE1ED676520073DBFD /* DBActionCell.swift */ = {isa = PBXFileReference; fileEncoding = 4; lastKnownFileType = sourcecode.swift; path = DBActionCell.swift; sourceTree = "<group>"; };
		5B26F5CF1ED676520073DBFD /* DBMovieFlowLayout.swift */ = {isa = PBXFileReference; fileEncoding = 4; lastKnownFileType = sourcecode.swift; path = DBMovieFlowLayout.swift; sourceTree = "<group>"; };
		5B26F5E61ED67BA10073DBFD /* DBMovieService.swift */ = {isa = PBXFileReference; fileEncoding = 4; lastKnownFileType = sourcecode.swift; path = DBMovieService.swift; sourceTree = "<group>"; };
		5B26F5E91ED694950073DBFD /* Alamofire.framework */ = {isa = PBXFileReference; lastKnownFileType = wrapper.framework; name = Alamofire.framework; path = "Pods/../build/Debug-iphoneos/Alamofire/Alamofire.framework"; sourceTree = "<group>"; };
		5B26F5EB1ED694B70073DBFD /* Pods_DouBanMovie.framework */ = {isa = PBXFileReference; lastKnownFileType = wrapper.framework; name = Pods_DouBanMovie.framework; path = "Pods/../build/Debug-iphoneos/Pods_DouBanMovie.framework"; sourceTree = "<group>"; };
		5B26F5F01ED6996F0073DBFD /* Alamofire.framework */ = {isa = PBXFileReference; lastKnownFileType = wrapper.framework; name = Alamofire.framework; path = "Pods/../build/Debug-iphoneos/Alamofire/Alamofire.framework"; sourceTree = "<group>"; };
		5B26F5F31ED701130073DBFD /* DBMovieItem.swift */ = {isa = PBXFileReference; fileEncoding = 4; lastKnownFileType = sourcecode.swift; path = DBMovieItem.swift; sourceTree = "<group>"; };
		5B26F5F41ED701130073DBFD /* DBMovieItem.xib */ = {isa = PBXFileReference; fileEncoding = 4; lastKnownFileType = file.xib; path = DBMovieItem.xib; sourceTree = "<group>"; };
		5B26F5F71ED7CD7D0073DBFD /* DBMovieModel.swift */ = {isa = PBXFileReference; fileEncoding = 4; lastKnownFileType = sourcecode.swift; path = DBMovieModel.swift; sourceTree = "<group>"; };
		5B26F5F91EDA5CE70073DBFD /* DBBoxModel.swift */ = {isa = PBXFileReference; fileEncoding = 4; lastKnownFileType = sourcecode.swift; path = DBBoxModel.swift; sourceTree = "<group>"; };
		5B62B3C61ED3189E00BCD1FC /* DouBanMovie.app */ = {isa = PBXFileReference; explicitFileType = wrapper.application; includeInIndex = 0; path = DouBanMovie.app; sourceTree = BUILT_PRODUCTS_DIR; };
		5B62B3C91ED3189E00BCD1FC /* AppDelegate.swift */ = {isa = PBXFileReference; lastKnownFileType = sourcecode.swift; path = AppDelegate.swift; sourceTree = "<group>"; };
		5B62B3CD1ED3189E00BCD1FC /* Assets.xcassets */ = {isa = PBXFileReference; lastKnownFileType = folder.assetcatalog; path = Assets.xcassets; sourceTree = "<group>"; };
		5B62B3D01ED3189E00BCD1FC /* Base */ = {isa = PBXFileReference; lastKnownFileType = file.storyboard; name = Base; path = Base.lproj/Main.storyboard; sourceTree = "<group>"; };
		5B62B3D21ED3189E00BCD1FC /* Info.plist */ = {isa = PBXFileReference; lastKnownFileType = text.plist.xml; path = Info.plist; sourceTree = "<group>"; };
		82AB890A3C1BE1544CA88583 /* Pods_DouBanMovie.framework */ = {isa = PBXFileReference; explicitFileType = wrapper.framework; includeInIndex = 0; path = Pods_DouBanMovie.framework; sourceTree = BUILT_PRODUCTS_DIR; };
		EC2725D4AC6B2A69E509DEAE /* Pods-DouBanMovie.debug.xcconfig */ = {isa = PBXFileReference; includeInIndex = 1; lastKnownFileType = text.xcconfig; name = "Pods-DouBanMovie.debug.xcconfig"; path = "Pods/Target Support Files/Pods-DouBanMovie/Pods-DouBanMovie.debug.xcconfig"; sourceTree = "<group>"; };
/* End PBXFileReference section */

/* Begin PBXFrameworksBuildPhase section */
		5B62B3C31ED3189E00BCD1FC /* Frameworks */ = {
			isa = PBXFrameworksBuildPhase;
			buildActionMask = 2147483647;
			files = (
				5B26F5EC1ED694B70073DBFD /* Pods_DouBanMovie.framework in Frameworks */,
				C4FB7289AEF78980BE3C489C /* Pods_DouBanMovie.framework in Frameworks */,
			);
			runOnlyForDeploymentPostprocessing = 0;
		};
/* End PBXFrameworksBuildPhase section */

/* Begin PBXGroup section */
		5B26F5C31ED6757F0073DBFD /* Main */ = {
			isa = PBXGroup;
			children = (
				5B26F5E81ED687460073DBFD /* Model */,
				5B26F5E51ED67B720073DBFD /* Service */,
				5B26F5C51ED6759D0073DBFD /* View */,
				5B26F5C41ED675920073DBFD /* ViewController */,
			);
			path = Main;
			sourceTree = "<group>";
		};
		5B26F5C41ED675920073DBFD /* ViewController */ = {
			isa = PBXGroup;
			children = (
				5B26F5C61ED675C50073DBFD /* DBMainViewController.swift */,
				5B26F5C71ED675C50073DBFD /* DBMainWindow.swift */,
			);
			name = ViewController;
			sourceTree = "<group>";
		};
		5B26F5C51ED6759D0073DBFD /* View */ = {
			isa = PBXGroup;
			children = (
				5B26F5CE1ED676520073DBFD /* DBActionCell.swift */,
				5B26F5CA1ED675EF0073DBFD /* DBActionCell.xib */,
				5B26F5CF1ED676520073DBFD /* DBMovieFlowLayout.swift */,
				5B26F5CB1ED675EF0073DBFD /* DBMovieFlowLayout.xib */,
				5B26F5F31ED701130073DBFD /* DBMovieItem.swift */,
				5B26F5F41ED701130073DBFD /* DBMovieItem.xib */,
			);
			name = View;
			sourceTree = "<group>";
		};
		5B26F5E51ED67B720073DBFD /* Service */ = {
			isa = PBXGroup;
			children = (
				5B26F5E61ED67BA10073DBFD /* DBMovieService.swift */,
			);
			name = Service;
			sourceTree = "<group>";
		};
		5B26F5E81ED687460073DBFD /* Model */ = {
			isa = PBXGroup;
			children = (
				5B26F5F71ED7CD7D0073DBFD /* DBMovieModel.swift */,
				5B26F5F91EDA5CE70073DBFD /* DBBoxModel.swift */,
			);
			name = Model;
			sourceTree = "<group>";
		};
		5B62B3BD1ED3189E00BCD1FC = {
			isa = PBXGroup;
			children = (
				5B62B3C81ED3189E00BCD1FC /* DouBanMovie */,
				5B62B3C71ED3189E00BCD1FC /* Products */,
				CD99F29B5976F69AC3FD44A6 /* Pods */,
				74AC9DB3486C74D9168E15A0 /* Frameworks */,
			);
			sourceTree = "<group>";
		};
		5B62B3C71ED3189E00BCD1FC /* Products */ = {
			isa = PBXGroup;
			children = (
				5B62B3C61ED3189E00BCD1FC /* DouBanMovie.app */,
			);
			name = Products;
			sourceTree = "<group>";
		};
		5B62B3C81ED3189E00BCD1FC /* DouBanMovie */ = {
			isa = PBXGroup;
			children = (
				5B26F5C31ED6757F0073DBFD /* Main */,
				5B62B3CD1ED3189E00BCD1FC /* Assets.xcassets */,
				5B62B3CF1ED3189E00BCD1FC /* Main.storyboard */,
				5B62B3C91ED3189E00BCD1FC /* AppDelegate.swift */,
				5B62B3D21ED3189E00BCD1FC /* Info.plist */,
			);
			path = DouBanMovie;
			sourceTree = "<group>";
		};
		74AC9DB3486C74D9168E15A0 /* Frameworks */ = {
			isa = PBXGroup;
			children = (
				5B26F5F01ED6996F0073DBFD /* Alamofire.framework */,
				5B26F5EB1ED694B70073DBFD /* Pods_DouBanMovie.framework */,
				5B26F5E91ED694950073DBFD /* Alamofire.framework */,
				82AB890A3C1BE1544CA88583 /* Pods_DouBanMovie.framework */,
			);
			name = Frameworks;
			sourceTree = "<group>";
		};
		CD99F29B5976F69AC3FD44A6 /* Pods */ = {
			isa = PBXGroup;
			children = (
				EC2725D4AC6B2A69E509DEAE /* Pods-DouBanMovie.debug.xcconfig */,
				1761BF158FB4483F234975BA /* Pods-DouBanMovie.release.xcconfig */,
			);
			name = Pods;
			sourceTree = "<group>";
		};
/* End PBXGroup section */

/* Begin PBXNativeTarget section */
		5B62B3C51ED3189E00BCD1FC /* DouBanMovie */ = {
			isa = PBXNativeTarget;
			buildConfigurationList = 5B62B3D51ED3189E00BCD1FC /* Build configuration list for PBXNativeTarget "DouBanMovie" */;
			buildPhases = (
				300333BF1FC4101DBC185B6F /* [CP] Check Pods Manifest.lock */,
				5B62B3C21ED3189E00BCD1FC /* Sources */,
				5B62B3C31ED3189E00BCD1FC /* Frameworks */,
				5B62B3C41ED3189E00BCD1FC /* Resources */,
				0CE295E79D05C54BCBC98571 /* [CP] Embed Pods Frameworks */,
				ED8D3F07721F71B483CCB209 /* [CP] Copy Pods Resources */,
			);
			buildRules = (
			);
			dependencies = (
			);
			name = DouBanMovie;
			productName = DouBanMovie;
			productReference = 5B62B3C61ED3189E00BCD1FC /* DouBanMovie.app */;
			productType = "com.apple.product-type.application";
		};
/* End PBXNativeTarget section */

/* Begin PBXProject section */
		5B62B3BE1ED3189E00BCD1FC /* Project object */ = {
			isa = PBXProject;
			attributes = {
				LastSwiftUpdateCheck = 0830;
				LastUpgradeCheck = 0830;
				ORGANIZATIONNAME = "宫城";
				TargetAttributes = {
					5B62B3C51ED3189E00BCD1FC = {
						CreatedOnToolsVersion = 8.3.2;
						DevelopmentTeam = RNG6JK98J6;
						ProvisioningStyle = Automatic;
					};
				};
			};
			buildConfigurationList = 5B62B3C11ED3189E00BCD1FC /* Build configuration list for PBXProject "DouBanMovie" */;
			compatibilityVersion = "Xcode 3.2";
			developmentRegion = English;
			hasScannedForEncodings = 0;
			knownRegions = (
				en,
				Base,
			);
			mainGroup = 5B62B3BD1ED3189E00BCD1FC;
			productRefGroup = 5B62B3C71ED3189E00BCD1FC /* Products */;
			projectDirPath = "";
			projectRoot = "";
			targets = (
				5B62B3C51ED3189E00BCD1FC /* DouBanMovie */,
			);
		};
/* End PBXProject section */

/* Begin PBXResourcesBuildPhase section */
		5B62B3C41ED3189E00BCD1FC /* Resources */ = {
			isa = PBXResourcesBuildPhase;
			buildActionMask = 2147483647;
			files = (
				5B62B3CE1ED3189E00BCD1FC /* Assets.xcassets in Resources */,
				5B26F5F61ED701130073DBFD /* DBMovieItem.xib in Resources */,
				5B62B3D11ED3189E00BCD1FC /* Main.storyboard in Resources */,
				5B26F5CD1ED675EF0073DBFD /* DBMovieFlowLayout.xib in Resources */,
				5B26F5CC1ED675EF0073DBFD /* DBActionCell.xib in Resources */,
			);
			runOnlyForDeploymentPostprocessing = 0;
		};
/* End PBXResourcesBuildPhase section */

/* Begin PBXShellScriptBuildPhase section */
		0CE295E79D05C54BCBC98571 /* [CP] Embed Pods Frameworks */ = {
			isa = PBXShellScriptBuildPhase;
			buildActionMask = 2147483647;
			files = (
			);
			inputPaths = (
			);
			name = "[CP] Embed Pods Frameworks";
			outputPaths = (
			);
			runOnlyForDeploymentPostprocessing = 0;
			shellPath = /bin/sh;
			shellScript = "\"${SRCROOT}/Pods/Target Support Files/Pods-DouBanMovie/Pods-DouBanMovie-frameworks.sh\"\n";
			showEnvVarsInLog = 0;
		};
		300333BF1FC4101DBC185B6F /* [CP] Check Pods Manifest.lock */ = {
			isa = PBXShellScriptBuildPhase;
			buildActionMask = 2147483647;
			files = (
			);
			inputPaths = (
			);
			name = "[CP] Check Pods Manifest.lock";
			outputPaths = (
			);
			runOnlyForDeploymentPostprocessing = 0;
			shellPath = /bin/sh;
			shellScript = "diff \"${PODS_ROOT}/../Podfile.lock\" \"${PODS_ROOT}/Manifest.lock\" > /dev/null\nif [ $? != 0 ] ; then\n    # print error to STDERR\n    echo \"error: The sandbox is not in sync with the Podfile.lock. Run 'pod install' or update your CocoaPods installation.\" >&2\n    exit 1\nfi\n";
			showEnvVarsInLog = 0;
		};
		ED8D3F07721F71B483CCB209 /* [CP] Copy Pods Resources */ = {
			isa = PBXShellScriptBuildPhase;
			buildActionMask = 2147483647;
			files = (
			);
			inputPaths = (
			);
			name = "[CP] Copy Pods Resources";
			outputPaths = (
			);
			runOnlyForDeploymentPostprocessing = 0;
			shellPath = /bin/sh;
			shellScript = "\"${SRCROOT}/Pods/Target Support Files/Pods-DouBanMovie/Pods-DouBanMovie-resources.sh\"\n";
			showEnvVarsInLog = 0;
		};
/* End PBXShellScriptBuildPhase section */

/* Begin PBXSourcesBuildPhase section */
		5B62B3C21ED3189E00BCD1FC /* Sources */ = {
			isa = PBXSourcesBuildPhase;
			buildActionMask = 2147483647;
			files = (
				5B26F5E71ED67BA10073DBFD /* DBMovieService.swift in Sources */,
				5B26F5C91ED675C50073DBFD /* DBMainWindow.swift in Sources */,
				5B26F5D01ED676520073DBFD /* DBActionCell.swift in Sources */,
				5B26F5F81ED7CD7D0073DBFD /* DBMovieModel.swift in Sources */,
				5B26F5D11ED676520073DBFD /* DBMovieFlowLayout.swift in Sources */,
				5B62B3CA1ED3189E00BCD1FC /* AppDelegate.swift in Sources */,
				5B26F5C81ED675C50073DBFD /* DBMainViewController.swift in Sources */,
				5B26F5F51ED701130073DBFD /* DBMovieItem.swift in Sources */,
				5B26F5FA1EDA5CE70073DBFD /* DBBoxModel.swift in Sources */,
			);
			runOnlyForDeploymentPostprocessing = 0;
		};
/* End PBXSourcesBuildPhase section */

/* Begin PBXVariantGroup section */
		5B62B3CF1ED3189E00BCD1FC /* Main.storyboard */ = {
			isa = PBXVariantGroup;
			children = (
				5B62B3D01ED3189E00BCD1FC /* Base */,
			);
			name = Main.storyboard;
			sourceTree = "<group>";
		};
/* End PBXVariantGroup section */

/* Begin XCBuildConfiguration section */
		5B62B3D31ED3189E00BCD1FC /* Debug */ = {
			isa = XCBuildConfiguration;
			buildSettings = {
				ALWAYS_SEARCH_USER_PATHS = NO;
				CLANG_ANALYZER_NONNULL = YES;
				CLANG_ANALYZER_NUMBER_OBJECT_CONVERSION = YES_AGGRESSIVE;
				CLANG_CXX_LANGUAGE_STANDARD = "gnu++0x";
				CLANG_CXX_LIBRARY = "libc++";
				CLANG_ENABLE_MODULES = YES;
				CLANG_ENABLE_OBJC_ARC = YES;
				CLANG_WARN_BOOL_CONVERSION = YES;
				CLANG_WARN_CONSTANT_CONVERSION = YES;
				CLANG_WARN_DIRECT_OBJC_ISA_USAGE = YES_ERROR;
				CLANG_WARN_DOCUMENTATION_COMMENTS = YES;
				CLANG_WARN_EMPTY_BODY = YES;
				CLANG_WARN_ENUM_CONVERSION = YES;
				CLANG_WARN_INFINITE_RECURSION = YES;
				CLANG_WARN_INT_CONVERSION = YES;
				CLANG_WARN_OBJC_ROOT_CLASS = YES_ERROR;
				CLANG_WARN_SUSPICIOUS_MOVE = YES;
				CLANG_WARN_UNREACHABLE_CODE = YES;
				CLANG_WARN__DUPLICATE_METHOD_MATCH = YES;
				CODE_SIGN_IDENTITY = "-";
				COPY_PHASE_STRIP = NO;
				DEBUG_INFORMATION_FORMAT = dwarf;
				ENABLE_STRICT_OBJC_MSGSEND = YES;
				ENABLE_TESTABILITY = YES;
				GCC_C_LANGUAGE_STANDARD = gnu99;
				GCC_DYNAMIC_NO_PIC = NO;
				GCC_NO_COMMON_BLOCKS = YES;
				GCC_OPTIMIZATION_LEVEL = 0;
				GCC_PREPROCESSOR_DEFINITIONS = (
					"DEBUG=1",
					"$(inherited)",
				);
				GCC_WARN_64_TO_32_BIT_CONVERSION = YES;
				GCC_WARN_ABOUT_RETURN_TYPE = YES_ERROR;
				GCC_WARN_UNDECLARED_SELECTOR = YES;
				GCC_WARN_UNINITIALIZED_AUTOS = YES_AGGRESSIVE;
				GCC_WARN_UNUSED_FUNCTION = YES;
				GCC_WARN_UNUSED_VARIABLE = YES;
				MACOSX_DEPLOYMENT_TARGET = 10.12;
				MTL_ENABLE_DEBUG_INFO = YES;
				ONLY_ACTIVE_ARCH = YES;
				SDKROOT = macosx;
				SWIFT_ACTIVE_COMPILATION_CONDITIONS = DEBUG;
				SWIFT_OPTIMIZATION_LEVEL = "-Onone";
			};
			name = Debug;
		};
		5B62B3D41ED3189E00BCD1FC /* Release */ = {
			isa = XCBuildConfiguration;
			buildSettings = {
				ALWAYS_SEARCH_USER_PATHS = NO;
				CLANG_ANALYZER_NONNULL = YES;
				CLANG_ANALYZER_NUMBER_OBJECT_CONVERSION = YES_AGGRESSIVE;
				CLANG_CXX_LANGUAGE_STANDARD = "gnu++0x";
				CLANG_CXX_LIBRARY = "libc++";
				CLANG_ENABLE_MODULES = YES;
				CLANG_ENABLE_OBJC_ARC = YES;
				CLANG_WARN_BOOL_CONVERSION = YES;
				CLANG_WARN_CONSTANT_CONVERSION = YES;
				CLANG_WARN_DIRECT_OBJC_ISA_USAGE = YES_ERROR;
				CLANG_WARN_DOCUMENTATION_COMMENTS = YES;
				CLANG_WARN_EMPTY_BODY = YES;
				CLANG_WARN_ENUM_CONVERSION = YES;
				CLANG_WARN_INFINITE_RECURSION = YES;
				CLANG_WARN_INT_CONVERSION = YES;
				CLANG_WARN_OBJC_ROOT_CLASS = YES_ERROR;
				CLANG_WARN_SUSPICIOUS_MOVE = YES;
				CLANG_WARN_UNREACHABLE_CODE = YES;
				CLANG_WARN__DUPLICATE_METHOD_MATCH = YES;
				CODE_SIGN_IDENTITY = "-";
				COPY_PHASE_STRIP = NO;
				DEBUG_INFORMATION_FORMAT = "dwarf-with-dsym";
				ENABLE_NS_ASSERTIONS = NO;
				ENABLE_STRICT_OBJC_MSGSEND = YES;
				GCC_C_LANGUAGE_STANDARD = gnu99;
				GCC_NO_COMMON_BLOCKS = YES;
				GCC_WARN_64_TO_32_BIT_CONVERSION = YES;
				GCC_WARN_ABOUT_RETURN_TYPE = YES_ERROR;
				GCC_WARN_UNDECLARED_SELECTOR = YES;
				GCC_WARN_UNINITIALIZED_AUTOS = YES_AGGRESSIVE;
				GCC_WARN_UNUSED_FUNCTION = YES;
				GCC_WARN_UNUSED_VARIABLE = YES;
				MACOSX_DEPLOYMENT_TARGET = 10.12;
				MTL_ENABLE_DEBUG_INFO = NO;
				SDKROOT = macosx;
				SWIFT_OPTIMIZATION_LEVEL = "-Owholemodule";
			};
			name = Release;
		};
		5B62B3D61ED3189E00BCD1FC /* Debug */ = {
			isa = XCBuildConfiguration;
			baseConfigurationReference = EC2725D4AC6B2A69E509DEAE /* Pods-DouBanMovie.debug.xcconfig */;
			buildSettings = {
				ASSETCATALOG_COMPILER_APPICON_NAME = AppIcon;
				COMBINE_HIDPI_IMAGES = YES;
				DEVELOPMENT_TEAM = RNG6JK98J6;
				FRAMEWORK_SEARCH_PATHS = (
					"$(inherited)",
					"$(PROJECT_DIR)/build/Debug-iphoneos/Alamofire",
					"$(PROJECT_DIR)/build/Debug-iphoneos",
				);
				INFOPLIST_FILE = DouBanMovie/Info.plist;
				LD_RUNPATH_SEARCH_PATHS = "$(inherited) @executable_path/../Frameworks";
				PRODUCT_BUNDLE_IDENTIFIER = com.qima.DouBanMovie;
				PRODUCT_NAME = "$(TARGET_NAME)";
				SWIFT_VERSION = 3.0;
			};
			name = Debug;
		};
		5B62B3D71ED3189E00BCD1FC /* Release */ = {
			isa = XCBuildConfiguration;
			baseConfigurationReference = 1761BF158FB4483F234975BA /* Pods-DouBanMovie.release.xcconfig */;
			buildSettings = {
				ASSETCATALOG_COMPILER_APPICON_NAME = AppIcon;
				COMBINE_HIDPI_IMAGES = YES;
				DEVELOPMENT_TEAM = RNG6JK98J6;
				FRAMEWORK_SEARCH_PATHS = (
					"$(inherited)",
					"$(PROJECT_DIR)/build/Debug-iphoneos/Alamofire",
					"$(PROJECT_DIR)/build/Debug-iphoneos",
				);
				INFOPLIST_FILE = DouBanMovie/Info.plist;
				LD_RUNPATH_SEARCH_PATHS = "$(inherited) @executable_path/../Frameworks";
				PRODUCT_BUNDLE_IDENTIFIER = com.qima.DouBanMovie;
				PRODUCT_NAME = "$(TARGET_NAME)";
				SWIFT_VERSION = 3.0;
			};
			name = Release;
		};
/* End XCBuildConfiguration section */

/* Begin XCConfigurationList section */
		5B62B3C11ED3189E00BCD1FC /* Build configuration list for PBXProject "DouBanMovie" */ = {
			isa = XCConfigurationList;
			buildConfigurations = (
				5B62B3D31ED3189E00BCD1FC /* Debug */,
				5B62B3D41ED3189E00BCD1FC /* Release */,
			);
			defaultConfigurationIsVisible = 0;
			defaultConfigurationName = Release;
		};
		5B62B3D51ED3189E00BCD1FC /* Build configuration list for PBXNativeTarget "DouBanMovie" */ = {
			isa = XCConfigurationList;
			buildConfigurations = (
				5B62B3D61ED3189E00BCD1FC /* Debug */,
				5B62B3D71ED3189E00BCD1FC /* Release */,
			);
			defaultConfigurationIsVisible = 0;
			defaultConfigurationName = Release;
		};
/* End XCConfigurationList section */
	};
	rootObject = 5B62B3BE1ED3189E00BCD1FC /* Project object */;
}
